
Microsoft Visual Studio Solution File, Format Version 12.00
# Visual Studio Version 16
VisualStudioVersion = 16.0.31702.278
MinimumVisualStudioVersion = 10.0.40219.1
Project("{FAE04EC0-301F-11D3-BF4B-00C04F79EFBC}") = "fruit_machine", "fruit_machine\fruit_machine.csproj", "{587B1485-9C8D-432D-9E82-50AEEE857C55}"
EndProject
Global
	GlobalSection(SolutionConfigurationPlatforms) = preSolution
		Debug|Any CPU = Debug|Any CPU
		Release|Any CPU = Release|Any CPU
	EndGlobalSection
	GlobalSection(ProjectConfigurationPlatforms) = postSolution
		{587B1485-9C8D-432D-9E82-50AEEE857C55}.Debug|Any CPU.ActiveCfg = Debug|Any CPU
		{587B1485-9C8D-432D-9E82-50AEEE857C55}.Debug|Any CPU.Build.0 = Debug|Any CPU
		{587B1485-9C8D-432D-9E82-50AEEE857C55}.Release|Any CPU.ActiveCfg = Release|Any CPU
		{587B1485-9C8D-432D-9E82-50AEEE857C55}.Release|Any CPU.Build.0 = Release|Any CPU
	EndGlobalSection
	GlobalSection(SolutionProperties) = preSolution
		HideSolutionNode = FALSE
	EndGlobalSection
	GlobalSection(ExtensibilityGlobals) = postSolution
		SolutionGuid = {01ED28A6-15A6-4BF9-8710-96E50DA6CFF1}
	EndGlobalSection
EndGlobal
